
Microsoft Visual Studio Solution File, Format Version 12.00
# Visual Studio 15
VisualStudioVersion = 15.0.28307.271
MinimumVisualStudioVersion = 10.0.40219.1
Project("{8BC9CEB8-8B4A-11D0-8D11-00A0C91BC942}") = "ordered_list", "ordered_list\ordered_list.vcxproj", "{CCD95FDF-E2B6-4454-A145-625B9D22B3A4}"
EndProject
Global
	GlobalSection(SolutionConfigurationPlatforms) = preSolution
		Debug|x64 = Debug|x64
		Debug|x86 = Debug|x86
		Release|x64 = Release|x64
		Release|x86 = Release|x86
	EndGlobalSection
	GlobalSection(ProjectConfigurationPlatforms) = postSolution
		{CCD95FDF-E2B6-4454-A145-625B9D22B3A4}.Debug|x64.ActiveCfg = Debug|x64
		{CCD95FDF-E2B6-4454-A145-625B9D22B3A4}.Debug|x64.Build.0 = Debug|x64
		{CCD95FDF-E2B6-4454-A145-625B9D22B3A4}.Debug|x86.ActiveCfg = Debug|Win32
		{CCD95FDF-E2B6-4454-A145-625B9D22B3A4}.Debug|x86.Build.0 = Debug|Win32
		{CCD95FDF-E2B6-4454-A145-625B9D22B3A4}.Release|x64.ActiveCfg = Release|x64
		{CCD95FDF-E2B6-4454-A145-625B9D22B3A4}.Release|x64.Build.0 = Release|x64
		{CCD95FDF-E2B6-4454-A145-625B9D22B3A4}.Release|x86.ActiveCfg = Release|Win32
		{CCD95FDF-E2B6-4454-A145-625B9D22B3A4}.Release|x86.Build.0 = Release|Win32
	EndGlobalSection
	GlobalSection(SolutionProperties) = preSolution
		HideSolutionNode = FALSE
	EndGlobalSection
	GlobalSection(ExtensibilityGlobals) = postSolution
		SolutionGuid = {F2290084-BEA9-4B82-8AB6-D899B167F78B}
	EndGlobalSection
EndGlobal
